
Microsoft Visual Studio Solution File, Format Version 12.00
# Visual Studio Version 17
VisualStudioVersion = 17.0.31903.59
MinimumVisualStudioVersion = 10.0.40219.1
Project("{9A19103F-16F7-4668-BE54-9A1E7A4F7556}") = "Day01", "Day01\Day01.csproj", "{F28C4516-3A5D-46C1-B4A5-64C07EC955B7}"
	ProjectSection(ProjectDependencies) = postProject
		{B5DEE565-446F-4643-966C-35ED583D2DF7} = {B5DEE565-446F-4643-966C-35ED583D2DF7}
	EndProjectSection
EndProject
Project("{9A19103F-16F7-4668-BE54-9A1E7A4F7556}") = "Utils", "Utils\Utils.csproj", "{B5DEE565-446F-4643-966C-35ED583D2DF7}"
EndProject
Project("{9A19103F-16F7-4668-BE54-9A1E7A4F7556}") = "Day02", "Day02\Day02.csproj", "{7C423460-BE0F-4519-BED2-0F4FEC463553}"
EndProject
Project("{9A19103F-16F7-4668-BE54-9A1E7A4F7556}") = "AdventOfTest", "AdventOfTest\AdventOfTest.csproj", "{9559DE60-1E53-4B66-BFF2-F700C2B8AA8E}"
EndProject
Project("{FAE04EC0-301F-11D3-BF4B-00C04F79EFBC}") = "Day03", "Day03\Day03.csproj", "{7DBA34DF-FAD6-46E9-8FE2-B7650F3A76DF}"
EndProject
Global
	GlobalSection(SolutionConfigurationPlatforms) = preSolution
		Debug|Any CPU = Debug|Any CPU
		Release|Any CPU = Release|Any CPU
	EndGlobalSection
	GlobalSection(ProjectConfigurationPlatforms) = postSolution
		{F28C4516-3A5D-46C1-B4A5-64C07EC955B7}.Debug|Any CPU.ActiveCfg = Debug|Any CPU
		{F28C4516-3A5D-46C1-B4A5-64C07EC955B7}.Debug|Any CPU.Build.0 = Debug|Any CPU
		{F28C4516-3A5D-46C1-B4A5-64C07EC955B7}.Release|Any CPU.ActiveCfg = Release|Any CPU
		{F28C4516-3A5D-46C1-B4A5-64C07EC955B7}.Release|Any CPU.Build.0 = Release|Any CPU
		{B5DEE565-446F-4643-966C-35ED583D2DF7}.Debug|Any CPU.ActiveCfg = Debug|Any CPU
		{B5DEE565-446F-4643-966C-35ED583D2DF7}.Debug|Any CPU.Build.0 = Debug|Any CPU
		{B5DEE565-446F-4643-966C-35ED583D2DF7}.Release|Any CPU.ActiveCfg = Release|Any CPU
		{B5DEE565-446F-4643-966C-35ED583D2DF7}.Release|Any CPU.Build.0 = Release|Any CPU
		{7C423460-BE0F-4519-BED2-0F4FEC463553}.Debug|Any CPU.ActiveCfg = Debug|Any CPU
		{7C423460-BE0F-4519-BED2-0F4FEC463553}.Debug|Any CPU.Build.0 = Debug|Any CPU
		{7C423460-BE0F-4519-BED2-0F4FEC463553}.Release|Any CPU.ActiveCfg = Release|Any CPU
		{7C423460-BE0F-4519-BED2-0F4FEC463553}.Release|Any CPU.Build.0 = Release|Any CPU
		{9559DE60-1E53-4B66-BFF2-F700C2B8AA8E}.Debug|Any CPU.ActiveCfg = Debug|Any CPU
		{9559DE60-1E53-4B66-BFF2-F700C2B8AA8E}.Debug|Any CPU.Build.0 = Debug|Any CPU
		{9559DE60-1E53-4B66-BFF2-F700C2B8AA8E}.Release|Any CPU.ActiveCfg = Release|Any CPU
		{9559DE60-1E53-4B66-BFF2-F700C2B8AA8E}.Release|Any CPU.Build.0 = Release|Any CPU
		{7DBA34DF-FAD6-46E9-8FE2-B7650F3A76DF}.Debug|Any CPU.ActiveCfg = Debug|Any CPU
		{7DBA34DF-FAD6-46E9-8FE2-B7650F3A76DF}.Debug|Any CPU.Build.0 = Debug|Any CPU
		{7DBA34DF-FAD6-46E9-8FE2-B7650F3A76DF}.Release|Any CPU.ActiveCfg = Release|Any CPU
		{7DBA34DF-FAD6-46E9-8FE2-B7650F3A76DF}.Release|Any CPU.Build.0 = Release|Any CPU
	EndGlobalSection
	GlobalSection(SolutionProperties) = preSolution
		HideSolutionNode = FALSE
	EndGlobalSection
	GlobalSection(ExtensibilityGlobals) = postSolution
		SolutionGuid = {D507C5A2-3159-4328-AACE-2A108D1E141F}
	EndGlobalSection
EndGlobal
